
Microsoft Visual Studio Solution File, Format Version 12.00
# Visual Studio Version 17
VisualStudioVersion = 17.3.32825.248
MinimumVisualStudioVersion = 10.0.40219.1
Project("{8BC9CEB8-8B4A-11D0-8D11-00A0C91BC942}") = "Project_2", "Project_2\Project_2.vcxproj", "{A415FF9A-1852-4503-B516-3A13B39348D3}"
EndProject
Global
	GlobalSection(SolutionConfigurationPlatforms) = preSolution
		Debug|x64 = Debug|x64
		Debug|x86 = Debug|x86
		Release|x64 = Release|x64
		Release|x86 = Release|x86
	EndGlobalSection
	GlobalSection(ProjectConfigurationPlatforms) = postSolution
		{A415FF9A-1852-4503-B516-3A13B39348D3}.Debug|x64.ActiveCfg = Debug|x64
		{A415FF9A-1852-4503-B516-3A13B39348D3}.Debug|x64.Build.0 = Debug|x64
		{A415FF9A-1852-4503-B516-3A13B39348D3}.Debug|x86.ActiveCfg = Debug|Win32
		{A415FF9A-1852-4503-B516-3A13B39348D3}.Debug|x86.Build.0 = Debug|Win32
		{A415FF9A-1852-4503-B516-3A13B39348D3}.Release|x64.ActiveCfg = Release|x64
		{A415FF9A-1852-4503-B516-3A13B39348D3}.Release|x64.Build.0 = Release|x64
		{A415FF9A-1852-4503-B516-3A13B39348D3}.Release|x86.ActiveCfg = Release|Win32
		{A415FF9A-1852-4503-B516-3A13B39348D3}.Release|x86.Build.0 = Release|Win32
	EndGlobalSection
	GlobalSection(SolutionProperties) = preSolution
		HideSolutionNode = FALSE
	EndGlobalSection
	GlobalSection(ExtensibilityGlobals) = postSolution
		SolutionGuid = {965F9B0A-4F8E-473E-9E1C-4181A9B371DA}
	EndGlobalSection
EndGlobal
